
Microsoft Visual Studio Solution File, Format Version 12.00
# Visual Studio 15
VisualStudioVersion = 15.0.27428.2037
MinimumVisualStudioVersion = 10.0.40219.1
Project("{FAE04EC0-301F-11D3-BF4B-00C04F79EFBC}") = "Blimp Update", "Blimp Update\Blimp Update.csproj", "{D66C1EF4-52C4-4418-888D-EA28CEA514B1}"
EndProject
Global
	GlobalSection(SolutionConfigurationPlatforms) = preSolution
		Debug|Any CPU = Debug|Any CPU
		Release|Any CPU = Release|Any CPU
	EndGlobalSection
	GlobalSection(ProjectConfigurationPlatforms) = postSolution
		{D66C1EF4-52C4-4418-888D-EA28CEA514B1}.Debug|Any CPU.ActiveCfg = Debug|Any CPU
		{D66C1EF4-52C4-4418-888D-EA28CEA514B1}.Debug|Any CPU.Build.0 = Debug|Any CPU
		{D66C1EF4-52C4-4418-888D-EA28CEA514B1}.Release|Any CPU.ActiveCfg = Release|Any CPU
		{D66C1EF4-52C4-4418-888D-EA28CEA514B1}.Release|Any CPU.Build.0 = Release|Any CPU
	EndGlobalSection
	GlobalSection(SolutionProperties) = preSolution
		HideSolutionNode = FALSE
	EndGlobalSection
	GlobalSection(ExtensibilityGlobals) = postSolution
		SolutionGuid = {6B1246FD-D8D4-4F05-8D03-358DDEE1BEC7}
	EndGlobalSection
EndGlobal
